
Microsoft Visual Studio Solution File, Format Version 12.00
# Visual Studio Version 17
VisualStudioVersion = 17.9.34728.123
MinimumVisualStudioVersion = 10.0.40219.1
Project("{FAE04EC0-301F-11D3-BF4B-00C04F79EFBC}") = "BattleArenaSimulation", "BattleArenaSimulation.csproj", "{7B4C0D83-E5D1-4A8C-95D3-6411EEE8DEF2}"
EndProject
Global
	GlobalSection(SolutionConfigurationPlatforms) = preSolution
		Debug|Any CPU = Debug|Any CPU
		Release|Any CPU = Release|Any CPU
	EndGlobalSection
	GlobalSection(ProjectConfigurationPlatforms) = postSolution
		{7B4C0D83-E5D1-4A8C-95D3-6411EEE8DEF2}.Debug|Any CPU.ActiveCfg = Debug|Any CPU
		{7B4C0D83-E5D1-4A8C-95D3-6411EEE8DEF2}.Debug|Any CPU.Build.0 = Debug|Any CPU
		{7B4C0D83-E5D1-4A8C-95D3-6411EEE8DEF2}.Release|Any CPU.ActiveCfg = Release|Any CPU
		{7B4C0D83-E5D1-4A8C-95D3-6411EEE8DEF2}.Release|Any CPU.Build.0 = Release|Any CPU
	EndGlobalSection
	GlobalSection(SolutionProperties) = preSolution
		HideSolutionNode = FALSE
	EndGlobalSection
	GlobalSection(ExtensibilityGlobals) = postSolution
		SolutionGuid = {1EE6F831-86FE-4696-804E-4E1B350CB27F}
	EndGlobalSection
EndGlobal
